
Microsoft Visual Studio Solution File, Format Version 12.00
# Visual Studio Version 17
VisualStudioVersion = 17.10.35004.147
MinimumVisualStudioVersion = 10.0.40219.1
Project("{FAE04EC0-301F-11D3-BF4B-00C04F79EFBC}") = "Sha256Application", "Sha256Application.csproj", "{7A4E5088-C599-4026-ADE7-B30E35040209}"
EndProject
Global
	GlobalSection(SolutionConfigurationPlatforms) = preSolution
		Debug|Any CPU = Debug|Any CPU
		Release|Any CPU = Release|Any CPU
	EndGlobalSection
	GlobalSection(ProjectConfigurationPlatforms) = postSolution
		{7A4E5088-C599-4026-ADE7-B30E35040209}.Debug|Any CPU.ActiveCfg = Debug|Any CPU
		{7A4E5088-C599-4026-ADE7-B30E35040209}.Debug|Any CPU.Build.0 = Debug|Any CPU
		{7A4E5088-C599-4026-ADE7-B30E35040209}.Release|Any CPU.ActiveCfg = Release|Any CPU
		{7A4E5088-C599-4026-ADE7-B30E35040209}.Release|Any CPU.Build.0 = Release|Any CPU
	EndGlobalSection
	GlobalSection(SolutionProperties) = preSolution
		HideSolutionNode = FALSE
	EndGlobalSection
	GlobalSection(ExtensibilityGlobals) = postSolution
		SolutionGuid = {AF7D8B36-5B4E-4D4C-81EC-A915290FF5A1}
	EndGlobalSection
EndGlobal
